// !$*UTF8*$!
{
	archiveVersion = 1;
	classes = {
	};
	objectVersion = 46;
	objects = {

/* Begin PBXBuildFile section */
		458EE6191D14581A004A1942 /* AppDelegate.swift in Sources */ = {isa = PBXBuildFile; fileRef = 458EE6181D14581A004A1942 /* AppDelegate.swift */; };
		458EE61B1D14581A004A1942 /* ExampleViewController.swift in Sources */ = {isa = PBXBuildFile; fileRef = 458EE61A1D14581A004A1942 /* ExampleViewController.swift */; };
		458EE62B1D145881004A1942 /* UIKitExtensionsForAutoLayoutConvenience.swift in Sources */ = {isa = PBXBuildFile; fileRef = 458EE62A1D145881004A1942 /* UIKitExtensionsForAutoLayoutConvenience.swift */; };
/* End PBXBuildFile section */

/* Begin PBXFileReference section */
		458EE6151D14581A004A1942 /* AutoLayoutWithStackViewAndScrollView.app */ = {isa = PBXFileReference; explicitFileType = wrapper.application; includeInIndex = 0; path = AutoLayoutWithStackViewAndScrollView.app; sourceTree = BUILT_PRODUCTS_DIR; };
		458EE6181D14581A004A1942 /* AppDelegate.swift */ = {isa = PBXFileReference; lastKnownFileType = sourcecode.swift; path = AppDelegate.swift; sourceTree = "<group>"; };
		458EE61A1D14581A004A1942 /* ExampleViewController.swift */ = {isa = PBXFileReference; lastKnownFileType = sourcecode.swift; path = ExampleViewController.swift; sourceTree = "<group>"; };
		458EE6241D14581A004A1942 /* Info.plist */ = {isa = PBXFileReference; lastKnownFileType = text.plist.xml; path = Info.plist; sourceTree = "<group>"; };
		458EE62A1D145881004A1942 /* UIKitExtensionsForAutoLayoutConvenience.swift */ = {isa = PBXFileReference; fileEncoding = 4; lastKnownFileType = sourcecode.swift; path = UIKitExtensionsForAutoLayoutConvenience.swift; sourceTree = "<group>"; };
/* End PBXFileReference section */

/* Begin PBXFrameworksBuildPhase section */
		458EE6121D14581A004A1942 /* Frameworks */ = {
			isa = PBXFrameworksBuildPhase;
			buildActionMask = 2147483647;
			files = (
			);
			runOnlyForDeploymentPostprocessing = 0;
		};
/* End PBXFrameworksBuildPhase section */

/* Begin PBXGroup section */
		458EE60C1D14581A004A1942 = {
			isa = PBXGroup;
			children = (
				458EE6171D14581A004A1942 /* AutoLayoutWithStackViewAndScrollView */,
				458EE6161D14581A004A1942 /* Products */,
			);
			sourceTree = "<group>";
		};
		458EE6161D14581A004A1942 /* Products */ = {
			isa = PBXGroup;
			children = (
				458EE6151D14581A004A1942 /* AutoLayoutWithStackViewAndScrollView.app */,
			);
			name = Products;
			sourceTree = "<group>";
		};
		458EE6171D14581A004A1942 /* AutoLayoutWithStackViewAndScrollView */ = {
			isa = PBXGroup;
			children = (
				458EE61A1D14581A004A1942 /* ExampleViewController.swift */,
				458EE62A1D145881004A1942 /* UIKitExtensionsForAutoLayoutConvenience.swift */,
				458EE6181D14581A004A1942 /* AppDelegate.swift */,
				458EE6241D14581A004A1942 /* Info.plist */,
			);
			path = AutoLayoutWithStackViewAndScrollView;
			sourceTree = "<group>";
		};
/* End PBXGroup section */

/* Begin PBXNativeTarget section */
		458EE6141D14581A004A1942 /* AutoLayoutWithStackViewAndScrollView */ = {
			isa = PBXNativeTarget;
			buildConfigurationList = 458EE6271D14581A004A1942 /* Build configuration list for PBXNativeTarget "AutoLayoutWithStackViewAndScrollView" */;
			buildPhases = (
				458EE6111D14581A004A1942 /* Sources */,
				458EE6121D14581A004A1942 /* Frameworks */,
				458EE6131D14581A004A1942 /* Resources */,
			);
			buildRules = (
			);
			dependencies = (
			);
			name = AutoLayoutWithStackViewAndScrollView;
			productName = AutoLayoutWithStackViewAndScrollView;
			productReference = 458EE6151D14581A004A1942 /* AutoLayoutWithStackViewAndScrollView.app */;
			productType = "com.apple.product-type.application";
		};
/* End PBXNativeTarget section */

/* Begin PBXProject section */
		458EE60D1D14581A004A1942 /* Project object */ = {
			isa = PBXProject;
			attributes = {
				LastSwiftUpdateCheck = 0730;
				LastUpgradeCheck = 0730;
				ORGANIZATIONNAME = Eonil;
				TargetAttributes = {
					458EE6141D14581A004A1942 = {
						CreatedOnToolsVersion = 7.3.1;
					};
				};
			};
			buildConfigurationList = 458EE6101D14581A004A1942 /* Build configuration list for PBXProject "AutoLayoutWithStackViewAndScrollView" */;
			compatibilityVersion = "Xcode 3.2";
			developmentRegion = English;
			hasScannedForEncodings = 0;
			knownRegions = (
				en,
				Base,
			);
			mainGroup = 458EE60C1D14581A004A1942;
			productRefGroup = 458EE6161D14581A004A1942 /* Products */;
			projectDirPath = "";
			projectRoot = "";
			targets = (
				458EE6141D14581A004A1942 /* AutoLayoutWithStackViewAndScrollView */,
			);
		};
/* End PBXProject section */

/* Begin PBXResourcesBuildPhase section */
		458EE6131D14581A004A1942 /* Resources */ = {
			isa = PBXResourcesBuildPhase;
			buildActionMask = 2147483647;
			files = (
			);
			runOnlyForDeploymentPostprocessing = 0;
		};
/* End PBXResourcesBuildPhase section */

/* Begin PBXSourcesBuildPhase section */
		458EE6111D14581A004A1942 /* Sources */ = {
			isa = PBXSourcesBuildPhase;
			buildActionMask = 2147483647;
			files = (
				458EE61B1D14581A004A1942 /* ExampleViewController.swift in Sources */,
				458EE6191D14581A004A1942 /* AppDelegate.swift in Sources */,
				458EE62B1D145881004A1942 /* UIKitExtensionsForAutoLayoutConvenience.swift in Sources */,
			);
			runOnlyForDeploymentPostprocessing = 0;
		};
/* End PBXSourcesBuildPhase section */

/* Begin XCBuildConfiguration section */
		458EE6251D14581A004A1942 /* Debug */ = {
			isa = XCBuildConfiguration;
			buildSettings = {
				ALWAYS_SEARCH_USER_PATHS = NO;
				CLANG_ANALYZER_NONNULL = YES;
				CLANG_CXX_LANGUAGE_STANDARD = "gnu++0x";
				CLANG_CXX_LIBRARY = "libc++";
				CLANG_ENABLE_MODULES = YES;
				CLANG_ENABLE_OBJC_ARC = YES;
				CLANG_WARN_BOOL_CONVERSION = YES;
				CLANG_WARN_CONSTANT_CONVERSION = YES;
				CLANG_WARN_DIRECT_OBJC_ISA_USAGE = YES_ERROR;
				CLANG_WARN_EMPTY_BODY = YES;
				CLANG_WARN_ENUM_CONVERSION = YES;
				CLANG_WARN_INT_CONVERSION = YES;
				CLANG_WARN_OBJC_ROOT_CLASS = YES_ERROR;
				CLANG_WARN_UNREACHABLE_CODE = YES;
				CLANG_WARN__DUPLICATE_METHOD_MATCH = YES;
				"CODE_SIGN_IDENTITY[sdk=iphoneos*]" = "iPhone Developer";
				COPY_PHASE_STRIP = NO;
				DEBUG_INFORMATION_FORMAT = dwarf;
				ENABLE_STRICT_OBJC_MSGSEND = YES;
				ENABLE_TESTABILITY = YES;
				GCC_C_LANGUAGE_STANDARD = gnu99;
				GCC_DYNAMIC_NO_PIC = NO;
				GCC_NO_COMMON_BLOCKS = YES;
				GCC_OPTIMIZATION_LEVEL = 0;
				GCC_PREPROCESSOR_DEFINITIONS = (
					"DEBUG=1",
					"$(inherited)",
				);
				GCC_WARN_64_TO_32_BIT_CONVERSION = YES;
				GCC_WARN_ABOUT_RETURN_TYPE = YES_ERROR;
				GCC_WARN_UNDECLARED_SELECTOR = YES;
				GCC_WARN_UNINITIALIZED_AUTOS = YES_AGGRESSIVE;
				GCC_WARN_UNUSED_FUNCTION = YES;
				GCC_WARN_UNUSED_VARIABLE = YES;
				IPHONEOS_DEPLOYMENT_TARGET = 9.3;
				MTL_ENABLE_DEBUG_INFO = YES;
				ONLY_ACTIVE_ARCH = YES;
				SDKROOT = iphoneos;
				SWIFT_OPTIMIZATION_LEVEL = "-Onone";
				TARGETED_DEVICE_FAMILY = "1,2";
			};
			name = Debug;
		};
		458EE6261D14581A004A1942 /* Release */ = {
			isa = XCBuildConfiguration;
			buildSettings = {
				ALWAYS_SEARCH_USER_PATHS = NO;
				CLANG_ANALYZER_NONNULL = YES;
				CLANG_CXX_LANGUAGE_STANDARD = "gnu++0x";
				CLANG_CXX_LIBRARY = "libc++";
				CLANG_ENABLE_MODULES = YES;
				CLANG_ENABLE_OBJC_ARC = YES;
				CLANG_WARN_BOOL_CONVERSION = YES;
				CLANG_WARN_CONSTANT_CONVERSION = YES;
				CLANG_WARN_DIRECT_OBJC_ISA_USAGE = YES_ERROR;
				CLANG_WARN_EMPTY_BODY = YES;
				CLANG_WARN_ENUM_CONVERSION = YES;
				CLANG_WARN_INT_CONVERSION = YES;
				CLANG_WARN_OBJC_ROOT_CLASS = YES_ERROR;
				CLANG_WARN_UNREACHABLE_CODE = YES;
				CLANG_WARN__DUPLICATE_METHOD_MATCH = YES;
				"CODE_SIGN_IDENTITY[sdk=iphoneos*]" = "iPhone Developer";
				COPY_PHASE_STRIP = NO;
				DEBUG_INFORMATION_FORMAT = "dwarf-with-dsym";
				ENABLE_NS_ASSERTIONS = NO;
				ENABLE_STRICT_OBJC_MSGSEND = YES;
				GCC_C_LANGUAGE_STANDARD = gnu99;
				GCC_NO_COMMON_BLOCKS = YES;
				GCC_WARN_64_TO_32_BIT_CONVERSION = YES;
				GCC_WARN_ABOUT_RETURN_TYPE = YES_ERROR;
				GCC_WARN_UNDECLARED_SELECTOR = YES;
				GCC_WARN_UNINITIALIZED_AUTOS = YES_AGGRESSIVE;
				GCC_WARN_UNUSED_FUNCTION = YES;
				GCC_WARN_UNUSED_VARIABLE = YES;
				IPHONEOS_DEPLOYMENT_TARGET = 9.3;
				MTL_ENABLE_DEBUG_INFO = NO;
				SDKROOT = iphoneos;
				TARGETED_DEVICE_FAMILY = "1,2";
				VALIDATE_PRODUCT = YES;
			};
			name = Release;
		};
		458EE6281D14581A004A1942 /* Debug */ = {
			isa = XCBuildConfiguration;
			buildSettings = {
				ASSETCATALOG_COMPILER_APPICON_NAME = AppIcon;
				INFOPLIST_FILE = AutoLayoutWithStackViewAndScrollView/Info.plist;
				LD_RUNPATH_SEARCH_PATHS = "$(inherited) @executable_path/Frameworks";
				PRODUCT_BUNDLE_IDENTIFIER = Eonil.AutoLayoutWithStackViewAndScrollView;
				PRODUCT_NAME = "$(TARGET_NAME)";
			};
			name = Debug;
		};
		458EE6291D14581A004A1942 /* Release */ = {
			isa = XCBuildConfiguration;
			buildSettings = {
				ASSETCATALOG_COMPILER_APPICON_NAME = AppIcon;
				INFOPLIST_FILE = AutoLayoutWithStackViewAndScrollView/Info.plist;
				LD_RUNPATH_SEARCH_PATHS = "$(inherited) @executable_path/Frameworks";
				PRODUCT_BUNDLE_IDENTIFIER = Eonil.AutoLayoutWithStackViewAndScrollView;
				PRODUCT_NAME = "$(TARGET_NAME)";
			};
			name = Release;
		};
/* End XCBuildConfiguration section */

/* Begin XCConfigurationList section */
		458EE6101D14581A004A1942 /* Build configuration list for PBXProject "AutoLayoutWithStackViewAndScrollView" */ = {
			isa = XCConfigurationList;
			buildConfigurations = (
				458EE6251D14581A004A1942 /* Debug */,
				458EE6261D14581A004A1942 /* Release */,
			);
			defaultConfigurationIsVisible = 0;
			defaultConfigurationName = Release;
		};
		458EE6271D14581A004A1942 /* Build configuration list for PBXNativeTarget "AutoLayoutWithStackViewAndScrollView" */ = {
			isa = XCConfigurationList;
			buildConfigurations = (
				458EE6281D14581A004A1942 /* Debug */,
				458EE6291D14581A004A1942 /* Release */,
			);
			defaultConfigurationIsVisible = 0;
		};
/* End XCConfigurationList section */
	};
	rootObject = 458EE60D1D14581A004A1942 /* Project object */;
}
