// !$*UTF8*$!
{
	archiveVersion = 1;
	classes = {
	};
	objectVersion = 46;
	objects = {

/* Begin PBXBuildFile section */
		45C93A6D1A92F2D000F57DE3 /* Default-568h@2x.png in Resources */ = {isa = PBXBuildFile; fileRef = 45C93A6C1A92F2D000F57DE3 /* Default-568h@2x.png */; };
		45CF97DA1A92F27400B3F1CB /* ApplicationController.swift in Sources */ = {isa = PBXBuildFile; fileRef = 45CF97D81A92F27400B3F1CB /* ApplicationController.swift */; };
		45CF97DB1A92F27400B3F1CB /* CameraManager.swift in Sources */ = {isa = PBXBuildFile; fileRef = 45CF97D91A92F27400B3F1CB /* CameraManager.swift */; };
/* End PBXBuildFile section */

/* Begin PBXFileReference section */
		45C93A6C1A92F2D000F57DE3 /* Default-568h@2x.png */ = {isa = PBXFileReference; lastKnownFileType = image.png; path = "Default-568h@2x.png"; sourceTree = "<group>"; };
		45CF97B61A92F25900B3F1CB /* CameraDisplay.app */ = {isa = PBXFileReference; explicitFileType = wrapper.application; includeInIndex = 0; path = CameraDisplay.app; sourceTree = BUILT_PRODUCTS_DIR; };
		45CF97B91A92F25900B3F1CB /* Info.plist */ = {isa = PBXFileReference; lastKnownFileType = text.plist.xml; path = Info.plist; sourceTree = "<group>"; };
		45CF97D81A92F27400B3F1CB /* ApplicationController.swift */ = {isa = PBXFileReference; fileEncoding = 4; lastKnownFileType = sourcecode.swift; path = ApplicationController.swift; sourceTree = "<group>"; };
		45CF97D91A92F27400B3F1CB /* CameraManager.swift */ = {isa = PBXFileReference; fileEncoding = 4; lastKnownFileType = sourcecode.swift; path = CameraManager.swift; sourceTree = "<group>"; };
/* End PBXFileReference section */

/* Begin PBXFrameworksBuildPhase section */
		45CF97B31A92F25900B3F1CB /* Frameworks */ = {
			isa = PBXFrameworksBuildPhase;
			buildActionMask = 2147483647;
			files = (
			);
			runOnlyForDeploymentPostprocessing = 0;
		};
/* End PBXFrameworksBuildPhase section */

/* Begin PBXGroup section */
		45B2FD481A92BBF000A535AC = {
			isa = PBXGroup;
			children = (
				45C93A6C1A92F2D000F57DE3 /* Default-568h@2x.png */,
				45CF97B71A92F25900B3F1CB /* CameraDisplay */,
				45B2FD521A92BBF000A535AC /* Products */,
			);
			sourceTree = "<group>";
		};
		45B2FD521A92BBF000A535AC /* Products */ = {
			isa = PBXGroup;
			children = (
				45CF97B61A92F25900B3F1CB /* CameraDisplay.app */,
			);
			name = Products;
			sourceTree = "<group>";
		};
		45CF97B71A92F25900B3F1CB /* CameraDisplay */ = {
			isa = PBXGroup;
			children = (
				45CF97D81A92F27400B3F1CB /* ApplicationController.swift */,
				45CF97D91A92F27400B3F1CB /* CameraManager.swift */,
				45CF97B81A92F25900B3F1CB /* Supporting Files */,
			);
			path = CameraDisplay;
			sourceTree = "<group>";
		};
		45CF97B81A92F25900B3F1CB /* Supporting Files */ = {
			isa = PBXGroup;
			children = (
				45CF97B91A92F25900B3F1CB /* Info.plist */,
			);
			name = "Supporting Files";
			sourceTree = "<group>";
		};
/* End PBXGroup section */

/* Begin PBXNativeTarget section */
		45CF97B51A92F25900B3F1CB /* CameraDisplay */ = {
			isa = PBXNativeTarget;
			buildConfigurationList = 45CF97D21A92F25900B3F1CB /* Build configuration list for PBXNativeTarget "CameraDisplay" */;
			buildPhases = (
				45CF97B21A92F25900B3F1CB /* Sources */,
				45CF97B31A92F25900B3F1CB /* Frameworks */,
				45CF97B41A92F25900B3F1CB /* Resources */,
			);
			buildRules = (
			);
			dependencies = (
			);
			name = CameraDisplay;
			productName = CameraDisplay;
			productReference = 45CF97B61A92F25900B3F1CB /* CameraDisplay.app */;
			productType = "com.apple.product-type.application";
		};
/* End PBXNativeTarget section */

/* Begin PBXProject section */
		45B2FD491A92BBF000A535AC /* Project object */ = {
			isa = PBXProject;
			attributes = {
				LastUpgradeCheck = 0630;
				ORGANIZATIONNAME = Eonil;
				TargetAttributes = {
					45CF97B51A92F25900B3F1CB = {
						CreatedOnToolsVersion = 6.3;
					};
				};
			};
			buildConfigurationList = 45B2FD4C1A92BBF000A535AC /* Build configuration list for PBXProject "CameraDisplay" */;
			compatibilityVersion = "Xcode 3.2";
			developmentRegion = English;
			hasScannedForEncodings = 0;
			knownRegions = (
				en,
				Base,
			);
			mainGroup = 45B2FD481A92BBF000A535AC;
			productRefGroup = 45B2FD521A92BBF000A535AC /* Products */;
			projectDirPath = "";
			projectRoot = "";
			targets = (
				45CF97B51A92F25900B3F1CB /* CameraDisplay */,
			);
		};
/* End PBXProject section */

/* Begin PBXResourcesBuildPhase section */
		45CF97B41A92F25900B3F1CB /* Resources */ = {
			isa = PBXResourcesBuildPhase;
			buildActionMask = 2147483647;
			files = (
				45C93A6D1A92F2D000F57DE3 /* Default-568h@2x.png in Resources */,
			);
			runOnlyForDeploymentPostprocessing = 0;
		};
/* End PBXResourcesBuildPhase section */

/* Begin PBXSourcesBuildPhase section */
		45CF97B21A92F25900B3F1CB /* Sources */ = {
			isa = PBXSourcesBuildPhase;
			buildActionMask = 2147483647;
			files = (
				45CF97DA1A92F27400B3F1CB /* ApplicationController.swift in Sources */,
				45CF97DB1A92F27400B3F1CB /* CameraManager.swift in Sources */,
			);
			runOnlyForDeploymentPostprocessing = 0;
		};
/* End PBXSourcesBuildPhase section */

/* Begin XCBuildConfiguration section */
		45B2FD6E1A92BBF000A535AC /* Debug */ = {
			isa = XCBuildConfiguration;
			buildSettings = {
				ALWAYS_SEARCH_USER_PATHS = NO;
				CLANG_CXX_LANGUAGE_STANDARD = "gnu++0x";
				CLANG_CXX_LIBRARY = "libc++";
				CLANG_ENABLE_MODULES = YES;
				CLANG_ENABLE_OBJC_ARC = YES;
				CLANG_WARN_BOOL_CONVERSION = YES;
				CLANG_WARN_CONSTANT_CONVERSION = YES;
				CLANG_WARN_DIRECT_OBJC_ISA_USAGE = YES_ERROR;
				CLANG_WARN_EMPTY_BODY = YES;
				CLANG_WARN_ENUM_CONVERSION = YES;
				CLANG_WARN_INT_CONVERSION = YES;
				CLANG_WARN_OBJC_ROOT_CLASS = YES_ERROR;
				CLANG_WARN_UNREACHABLE_CODE = YES;
				CLANG_WARN__DUPLICATE_METHOD_MATCH = YES;
				"CODE_SIGN_IDENTITY[sdk=iphoneos*]" = "iPhone Developer";
				COPY_PHASE_STRIP = NO;
				DEBUG_INFORMATION_FORMAT = dwarf;
				ENABLE_STRICT_OBJC_MSGSEND = YES;
				GCC_C_LANGUAGE_STANDARD = gnu99;
				GCC_DYNAMIC_NO_PIC = NO;
				GCC_OPTIMIZATION_LEVEL = 0;
				GCC_PREPROCESSOR_DEFINITIONS = (
					"DEBUG=1",
					"$(inherited)",
				);
				GCC_SYMBOLS_PRIVATE_EXTERN = NO;
				GCC_WARN_64_TO_32_BIT_CONVERSION = YES;
				GCC_WARN_ABOUT_RETURN_TYPE = YES_ERROR;
				GCC_WARN_UNDECLARED_SELECTOR = YES;
				GCC_WARN_UNINITIALIZED_AUTOS = YES_AGGRESSIVE;
				GCC_WARN_UNUSED_FUNCTION = YES;
				GCC_WARN_UNUSED_VARIABLE = YES;
				IPHONEOS_DEPLOYMENT_TARGET = 8.0;
				MTL_ENABLE_DEBUG_INFO = YES;
				ONLY_ACTIVE_ARCH = YES;
				PROVISIONING_PROFILE = "6a811665-823c-4a4d-b066-d6165979bb53";
				SDKROOT = iphoneos;
				SWIFT_OPTIMIZATION_LEVEL = "-Onone";
				TARGETED_DEVICE_FAMILY = "1,2";
			};
			name = Debug;
		};
		45B2FD6F1A92BBF000A535AC /* Release */ = {
			isa = XCBuildConfiguration;
			buildSettings = {
				ALWAYS_SEARCH_USER_PATHS = NO;
				CLANG_CXX_LANGUAGE_STANDARD = "gnu++0x";
				CLANG_CXX_LIBRARY = "libc++";
				CLANG_ENABLE_MODULES = YES;
				CLANG_ENABLE_OBJC_ARC = YES;
				CLANG_WARN_BOOL_CONVERSION = YES;
				CLANG_WARN_CONSTANT_CONVERSION = YES;
				CLANG_WARN_DIRECT_OBJC_ISA_USAGE = YES_ERROR;
				CLANG_WARN_EMPTY_BODY = YES;
				CLANG_WARN_ENUM_CONVERSION = YES;
				CLANG_WARN_INT_CONVERSION = YES;
				CLANG_WARN_OBJC_ROOT_CLASS = YES_ERROR;
				CLANG_WARN_UNREACHABLE_CODE = YES;
				CLANG_WARN__DUPLICATE_METHOD_MATCH = YES;
				"CODE_SIGN_IDENTITY[sdk=iphoneos*]" = "iPhone Developer";
				COPY_PHASE_STRIP = NO;
				DEBUG_INFORMATION_FORMAT = "dwarf-with-dsym";
				ENABLE_NS_ASSERTIONS = NO;
				ENABLE_STRICT_OBJC_MSGSEND = YES;
				GCC_C_LANGUAGE_STANDARD = gnu99;
				GCC_WARN_64_TO_32_BIT_CONVERSION = YES;
				GCC_WARN_ABOUT_RETURN_TYPE = YES_ERROR;
				GCC_WARN_UNDECLARED_SELECTOR = YES;
				GCC_WARN_UNINITIALIZED_AUTOS = YES_AGGRESSIVE;
				GCC_WARN_UNUSED_FUNCTION = YES;
				GCC_WARN_UNUSED_VARIABLE = YES;
				IPHONEOS_DEPLOYMENT_TARGET = 8.0;
				MTL_ENABLE_DEBUG_INFO = NO;
				PROVISIONING_PROFILE = "6a811665-823c-4a4d-b066-d6165979bb53";
				SDKROOT = iphoneos;
				TARGETED_DEVICE_FAMILY = "1,2";
				VALIDATE_PRODUCT = YES;
			};
			name = Release;
		};
		45CF97D31A92F25900B3F1CB /* Debug */ = {
			isa = XCBuildConfiguration;
			buildSettings = {
				ASSETCATALOG_COMPILER_APPICON_NAME = AppIcon;
				GCC_PREPROCESSOR_DEFINITIONS = (
					"DEBUG=1",
					"$(inherited)",
				);
				INFOPLIST_FILE = CameraDisplay/Info.plist;
				LD_RUNPATH_SEARCH_PATHS = "$(inherited) @executable_path/Frameworks";
				PRODUCT_NAME = "$(TARGET_NAME)";
			};
			name = Debug;
		};
		45CF97D41A92F25900B3F1CB /* Release */ = {
			isa = XCBuildConfiguration;
			buildSettings = {
				ASSETCATALOG_COMPILER_APPICON_NAME = AppIcon;
				INFOPLIST_FILE = CameraDisplay/Info.plist;
				LD_RUNPATH_SEARCH_PATHS = "$(inherited) @executable_path/Frameworks";
				PRODUCT_NAME = "$(TARGET_NAME)";
			};
			name = Release;
		};
/* End XCBuildConfiguration section */

/* Begin XCConfigurationList section */
		45B2FD4C1A92BBF000A535AC /* Build configuration list for PBXProject "CameraDisplay" */ = {
			isa = XCConfigurationList;
			buildConfigurations = (
				45B2FD6E1A92BBF000A535AC /* Debug */,
				45B2FD6F1A92BBF000A535AC /* Release */,
			);
			defaultConfigurationIsVisible = 0;
			defaultConfigurationName = Release;
		};
		45CF97D21A92F25900B3F1CB /* Build configuration list for PBXNativeTarget "CameraDisplay" */ = {
			isa = XCConfigurationList;
			buildConfigurations = (
				45CF97D31A92F25900B3F1CB /* Debug */,
				45CF97D41A92F25900B3F1CB /* Release */,
			);
			defaultConfigurationIsVisible = 0;
			defaultConfigurationName = Release;
		};
/* End XCConfigurationList section */
	};
	rootObject = 45B2FD491A92BBF000A535AC /* Project object */;
}
