// !$*UTF8*$!
{
	archiveVersion = 1;
	classes = {
	};
	objectVersion = 46;
	objects = {

/* Begin PBXBuildFile section */
		45FECE1E1BEE0F4D00C9C3E0 /* main.swift in Sources */ = {isa = PBXBuildFile; fileRef = 45FECE1D1BEE0F4D00C9C3E0 /* main.swift */; };
/* End PBXBuildFile section */

/* Begin PBXContainerItemProxy section */
		454270451BEDEF4A00DB68F0 /* PBXContainerItemProxy */ = {
			isa = PBXContainerItemProxy;
			containerPortal = 4542702D1BEDEF4A00DB68F0 /* Project object */;
			proxyType = 1;
			remoteGlobalIDString = 454270341BEDEF4A00DB68F0;
			remoteInfo = AppMenuTest2;
		};
/* End PBXContainerItemProxy section */

/* Begin PBXFileReference section */
		454270351BEDEF4A00DB68F0 /* ApplicationMenu.app */ = {isa = PBXFileReference; explicitFileType = wrapper.application; includeInIndex = 0; path = ApplicationMenu.app; sourceTree = BUILT_PRODUCTS_DIR; };
		454270441BEDEF4A00DB68F0 /* ApplicationMenu.xctest */ = {isa = PBXFileReference; explicitFileType = wrapper.cfbundle; includeInIndex = 0; path = ApplicationMenu.xctest; sourceTree = BUILT_PRODUCTS_DIR; };
		45FECE1D1BEE0F4D00C9C3E0 /* main.swift */ = {isa = PBXFileReference; fileEncoding = 4; lastKnownFileType = sourcecode.swift; path = main.swift; sourceTree = "<group>"; };
/* End PBXFileReference section */

/* Begin PBXFrameworksBuildPhase section */
		454270321BEDEF4A00DB68F0 /* Frameworks */ = {
			isa = PBXFrameworksBuildPhase;
			buildActionMask = 2147483647;
			files = (
			);
			runOnlyForDeploymentPostprocessing = 0;
		};
		454270411BEDEF4A00DB68F0 /* Frameworks */ = {
			isa = PBXFrameworksBuildPhase;
			buildActionMask = 2147483647;
			files = (
			);
			runOnlyForDeploymentPostprocessing = 0;
		};
/* End PBXFrameworksBuildPhase section */

/* Begin PBXGroup section */
		4542702C1BEDEF4A00DB68F0 = {
			isa = PBXGroup;
			children = (
				45FECE1D1BEE0F4D00C9C3E0 /* main.swift */,
				454270361BEDEF4A00DB68F0 /* Products */,
			);
			sourceTree = "<group>";
		};
		454270361BEDEF4A00DB68F0 /* Products */ = {
			isa = PBXGroup;
			children = (
				454270351BEDEF4A00DB68F0 /* ApplicationMenu.app */,
				454270441BEDEF4A00DB68F0 /* ApplicationMenu.xctest */,
			);
			name = Products;
			sourceTree = "<group>";
		};
/* End PBXGroup section */

/* Begin PBXNativeTarget section */
		454270341BEDEF4A00DB68F0 /* ApplicationMenu */ = {
			isa = PBXNativeTarget;
			buildConfigurationList = 4542704D1BEDEF4A00DB68F0 /* Build configuration list for PBXNativeTarget "ApplicationMenu" */;
			buildPhases = (
				454270311BEDEF4A00DB68F0 /* Sources */,
				454270321BEDEF4A00DB68F0 /* Frameworks */,
				454270331BEDEF4A00DB68F0 /* Resources */,
			);
			buildRules = (
			);
			dependencies = (
			);
			name = ApplicationMenu;
			productName = AppMenuTest2;
			productReference = 454270351BEDEF4A00DB68F0 /* ApplicationMenu.app */;
			productType = "com.apple.product-type.application";
		};
		454270431BEDEF4A00DB68F0 /* ApplicationMenuUITests */ = {
			isa = PBXNativeTarget;
			buildConfigurationList = 454270501BEDEF4A00DB68F0 /* Build configuration list for PBXNativeTarget "ApplicationMenuUITests" */;
			buildPhases = (
				454270401BEDEF4A00DB68F0 /* Sources */,
				454270411BEDEF4A00DB68F0 /* Frameworks */,
				454270421BEDEF4A00DB68F0 /* Resources */,
			);
			buildRules = (
			);
			dependencies = (
				454270461BEDEF4A00DB68F0 /* PBXTargetDependency */,
			);
			name = ApplicationMenuUITests;
			productName = AppMenuTest2UITests;
			productReference = 454270441BEDEF4A00DB68F0 /* ApplicationMenu.xctest */;
			productType = "com.apple.product-type.bundle.ui-testing";
		};
/* End PBXNativeTarget section */

/* Begin PBXProject section */
		4542702D1BEDEF4A00DB68F0 /* Project object */ = {
			isa = PBXProject;
			attributes = {
				LastSwiftUpdateCheck = 0710;
				LastUpgradeCheck = 0710;
				ORGANIZATIONNAME = Eonil;
				TargetAttributes = {
					454270341BEDEF4A00DB68F0 = {
						CreatedOnToolsVersion = 7.1;
					};
					454270431BEDEF4A00DB68F0 = {
						CreatedOnToolsVersion = 7.1;
						TestTargetID = 454270341BEDEF4A00DB68F0;
					};
				};
			};
			buildConfigurationList = 454270301BEDEF4A00DB68F0 /* Build configuration list for PBXProject "ApplicationMenu" */;
			compatibilityVersion = "Xcode 3.2";
			developmentRegion = English;
			hasScannedForEncodings = 0;
			knownRegions = (
				en,
				Base,
			);
			mainGroup = 4542702C1BEDEF4A00DB68F0;
			productRefGroup = 454270361BEDEF4A00DB68F0 /* Products */;
			projectDirPath = "";
			projectRoot = "";
			targets = (
				454270341BEDEF4A00DB68F0 /* ApplicationMenu */,
				454270431BEDEF4A00DB68F0 /* ApplicationMenuUITests */,
			);
		};
/* End PBXProject section */

/* Begin PBXResourcesBuildPhase section */
		454270331BEDEF4A00DB68F0 /* Resources */ = {
			isa = PBXResourcesBuildPhase;
			buildActionMask = 2147483647;
			files = (
			);
			runOnlyForDeploymentPostprocessing = 0;
		};
		454270421BEDEF4A00DB68F0 /* Resources */ = {
			isa = PBXResourcesBuildPhase;
			buildActionMask = 2147483647;
			files = (
			);
			runOnlyForDeploymentPostprocessing = 0;
		};
/* End PBXResourcesBuildPhase section */

/* Begin PBXSourcesBuildPhase section */
		454270311BEDEF4A00DB68F0 /* Sources */ = {
			isa = PBXSourcesBuildPhase;
			buildActionMask = 2147483647;
			files = (
				45FECE1E1BEE0F4D00C9C3E0 /* main.swift in Sources */,
			);
			runOnlyForDeploymentPostprocessing = 0;
		};
		454270401BEDEF4A00DB68F0 /* Sources */ = {
			isa = PBXSourcesBuildPhase;
			buildActionMask = 2147483647;
			files = (
			);
			runOnlyForDeploymentPostprocessing = 0;
		};
/* End PBXSourcesBuildPhase section */

/* Begin PBXTargetDependency section */
		454270461BEDEF4A00DB68F0 /* PBXTargetDependency */ = {
			isa = PBXTargetDependency;
			target = 454270341BEDEF4A00DB68F0 /* ApplicationMenu */;
			targetProxy = 454270451BEDEF4A00DB68F0 /* PBXContainerItemProxy */;
		};
/* End PBXTargetDependency section */

/* Begin XCBuildConfiguration section */
		4542704B1BEDEF4A00DB68F0 /* Debug */ = {
			isa = XCBuildConfiguration;
			buildSettings = {
				ALWAYS_SEARCH_USER_PATHS = NO;
				CLANG_CXX_LANGUAGE_STANDARD = "gnu++0x";
				CLANG_CXX_LIBRARY = "libc++";
				CLANG_ENABLE_MODULES = YES;
				CLANG_ENABLE_OBJC_ARC = YES;
				CLANG_WARN_BOOL_CONVERSION = YES;
				CLANG_WARN_CONSTANT_CONVERSION = YES;
				CLANG_WARN_DIRECT_OBJC_ISA_USAGE = YES_ERROR;
				CLANG_WARN_EMPTY_BODY = YES;
				CLANG_WARN_ENUM_CONVERSION = YES;
				CLANG_WARN_INT_CONVERSION = YES;
				CLANG_WARN_OBJC_ROOT_CLASS = YES_ERROR;
				CLANG_WARN_UNREACHABLE_CODE = YES;
				CLANG_WARN__DUPLICATE_METHOD_MATCH = YES;
				CODE_SIGN_IDENTITY = "-";
				COPY_PHASE_STRIP = NO;
				DEBUG_INFORMATION_FORMAT = dwarf;
				ENABLE_STRICT_OBJC_MSGSEND = YES;
				ENABLE_TESTABILITY = YES;
				GCC_C_LANGUAGE_STANDARD = gnu99;
				GCC_DYNAMIC_NO_PIC = NO;
				GCC_NO_COMMON_BLOCKS = YES;
				GCC_OPTIMIZATION_LEVEL = 0;
				GCC_PREPROCESSOR_DEFINITIONS = (
					"DEBUG=1",
					"$(inherited)",
				);
				GCC_WARN_64_TO_32_BIT_CONVERSION = YES;
				GCC_WARN_ABOUT_RETURN_TYPE = YES_ERROR;
				GCC_WARN_UNDECLARED_SELECTOR = YES;
				GCC_WARN_UNINITIALIZED_AUTOS = YES_AGGRESSIVE;
				GCC_WARN_UNUSED_FUNCTION = YES;
				GCC_WARN_UNUSED_VARIABLE = YES;
				MACOSX_DEPLOYMENT_TARGET = 10.11;
				MTL_ENABLE_DEBUG_INFO = YES;
				ONLY_ACTIVE_ARCH = YES;
				SDKROOT = macosx;
				SWIFT_OPTIMIZATION_LEVEL = "-Onone";
			};
			name = Debug;
		};
		4542704C1BEDEF4A00DB68F0 /* Release */ = {
			isa = XCBuildConfiguration;
			buildSettings = {
				ALWAYS_SEARCH_USER_PATHS = NO;
				CLANG_CXX_LANGUAGE_STANDARD = "gnu++0x";
				CLANG_CXX_LIBRARY = "libc++";
				CLANG_ENABLE_MODULES = YES;
				CLANG_ENABLE_OBJC_ARC = YES;
				CLANG_WARN_BOOL_CONVERSION = YES;
				CLANG_WARN_CONSTANT_CONVERSION = YES;
				CLANG_WARN_DIRECT_OBJC_ISA_USAGE = YES_ERROR;
				CLANG_WARN_EMPTY_BODY = YES;
				CLANG_WARN_ENUM_CONVERSION = YES;
				CLANG_WARN_INT_CONVERSION = YES;
				CLANG_WARN_OBJC_ROOT_CLASS = YES_ERROR;
				CLANG_WARN_UNREACHABLE_CODE = YES;
				CLANG_WARN__DUPLICATE_METHOD_MATCH = YES;
				CODE_SIGN_IDENTITY = "-";
				COPY_PHASE_STRIP = NO;
				DEBUG_INFORMATION_FORMAT = "dwarf-with-dsym";
				ENABLE_NS_ASSERTIONS = NO;
				ENABLE_STRICT_OBJC_MSGSEND = YES;
				GCC_C_LANGUAGE_STANDARD = gnu99;
				GCC_NO_COMMON_BLOCKS = YES;
				GCC_WARN_64_TO_32_BIT_CONVERSION = YES;
				GCC_WARN_ABOUT_RETURN_TYPE = YES_ERROR;
				GCC_WARN_UNDECLARED_SELECTOR = YES;
				GCC_WARN_UNINITIALIZED_AUTOS = YES_AGGRESSIVE;
				GCC_WARN_UNUSED_FUNCTION = YES;
				GCC_WARN_UNUSED_VARIABLE = YES;
				MACOSX_DEPLOYMENT_TARGET = 10.11;
				MTL_ENABLE_DEBUG_INFO = NO;
				SDKROOT = macosx;
			};
			name = Release;
		};
		4542704E1BEDEF4A00DB68F0 /* Debug */ = {
			isa = XCBuildConfiguration;
			buildSettings = {
				ASSETCATALOG_COMPILER_APPICON_NAME = AppIcon;
				COMBINE_HIDPI_IMAGES = YES;
				LD_RUNPATH_SEARCH_PATHS = "$(inherited) @executable_path/../Frameworks";
				MACOSX_DEPLOYMENT_TARGET = 10.11;
				PRODUCT_BUNDLE_IDENTIFIER = Eonil.AppMenuTest2;
				PRODUCT_NAME = ApplicationMenu;
			};
			name = Debug;
		};
		4542704F1BEDEF4A00DB68F0 /* Release */ = {
			isa = XCBuildConfiguration;
			buildSettings = {
				ASSETCATALOG_COMPILER_APPICON_NAME = AppIcon;
				COMBINE_HIDPI_IMAGES = YES;
				LD_RUNPATH_SEARCH_PATHS = "$(inherited) @executable_path/../Frameworks";
				MACOSX_DEPLOYMENT_TARGET = 10.11;
				PRODUCT_BUNDLE_IDENTIFIER = Eonil.AppMenuTest2;
				PRODUCT_NAME = ApplicationMenu;
			};
			name = Release;
		};
		454270511BEDEF4A00DB68F0 /* Debug */ = {
			isa = XCBuildConfiguration;
			buildSettings = {
				COMBINE_HIDPI_IMAGES = YES;
				INFOPLIST_FILE = AppMenuTest2UITests/Info.plist;
				LD_RUNPATH_SEARCH_PATHS = "$(inherited) @executable_path/../Frameworks @loader_path/../Frameworks";
				PRODUCT_BUNDLE_IDENTIFIER = Eonil.AppMenuTest2UITests;
				PRODUCT_NAME = ApplicationMenu;
				TEST_TARGET_NAME = AppMenuTest2;
				USES_XCTRUNNER = YES;
			};
			name = Debug;
		};
		454270521BEDEF4A00DB68F0 /* Release */ = {
			isa = XCBuildConfiguration;
			buildSettings = {
				COMBINE_HIDPI_IMAGES = YES;
				INFOPLIST_FILE = AppMenuTest2UITests/Info.plist;
				LD_RUNPATH_SEARCH_PATHS = "$(inherited) @executable_path/../Frameworks @loader_path/../Frameworks";
				PRODUCT_BUNDLE_IDENTIFIER = Eonil.AppMenuTest2UITests;
				PRODUCT_NAME = ApplicationMenu;
				TEST_TARGET_NAME = AppMenuTest2;
				USES_XCTRUNNER = YES;
			};
			name = Release;
		};
/* End XCBuildConfiguration section */

/* Begin XCConfigurationList section */
		454270301BEDEF4A00DB68F0 /* Build configuration list for PBXProject "ApplicationMenu" */ = {
			isa = XCConfigurationList;
			buildConfigurations = (
				4542704B1BEDEF4A00DB68F0 /* Debug */,
				4542704C1BEDEF4A00DB68F0 /* Release */,
			);
			defaultConfigurationIsVisible = 0;
			defaultConfigurationName = Release;
		};
		4542704D1BEDEF4A00DB68F0 /* Build configuration list for PBXNativeTarget "ApplicationMenu" */ = {
			isa = XCConfigurationList;
			buildConfigurations = (
				4542704E1BEDEF4A00DB68F0 /* Debug */,
				4542704F1BEDEF4A00DB68F0 /* Release */,
			);
			defaultConfigurationIsVisible = 0;
			defaultConfigurationName = Release;
		};
		454270501BEDEF4A00DB68F0 /* Build configuration list for PBXNativeTarget "ApplicationMenuUITests" */ = {
			isa = XCConfigurationList;
			buildConfigurations = (
				454270511BEDEF4A00DB68F0 /* Debug */,
				454270521BEDEF4A00DB68F0 /* Release */,
			);
			defaultConfigurationIsVisible = 0;
			defaultConfigurationName = Release;
		};
/* End XCConfigurationList section */
	};
	rootObject = 4542702D1BEDEF4A00DB68F0 /* Project object */;
}
