// !$*UTF8*$!
{
	archiveVersion = 1;
	classes = {
	};
	objectVersion = 46;
	objects = {

/* Begin PBXBuildFile section */
		45C38ED41C0749A60041CFE5 /* AppDelegate.swift in Sources */ = {isa = PBXBuildFile; fileRef = 45C38ED11C0749A60041CFE5 /* AppDelegate.swift */; };
		45C38ED51C0749A60041CFE5 /* Info.plist in Resources */ = {isa = PBXBuildFile; fileRef = 45C38ED21C0749A60041CFE5 /* Info.plist */; };
		45C38ED61C0749A60041CFE5 /* ExampleTableViewController.swift in Sources */ = {isa = PBXBuildFile; fileRef = 45C38ED31C0749A60041CFE5 /* ExampleTableViewController.swift */; };
/* End PBXBuildFile section */

/* Begin PBXFileReference section */
		455DCBF41C0744F2003D6355 /* AutosizingTableExample.app */ = {isa = PBXFileReference; explicitFileType = wrapper.application; includeInIndex = 0; path = AutosizingTableExample.app; sourceTree = BUILT_PRODUCTS_DIR; };
		45C38ED11C0749A60041CFE5 /* AppDelegate.swift */ = {isa = PBXFileReference; fileEncoding = 4; lastKnownFileType = sourcecode.swift; path = AppDelegate.swift; sourceTree = "<group>"; };
		45C38ED21C0749A60041CFE5 /* Info.plist */ = {isa = PBXFileReference; fileEncoding = 4; lastKnownFileType = text.plist.xml; path = Info.plist; sourceTree = "<group>"; };
		45C38ED31C0749A60041CFE5 /* ExampleTableViewController.swift */ = {isa = PBXFileReference; fileEncoding = 4; lastKnownFileType = sourcecode.swift; path = ExampleTableViewController.swift; sourceTree = "<group>"; };
/* End PBXFileReference section */

/* Begin PBXFrameworksBuildPhase section */
		455DCBF11C0744F2003D6355 /* Frameworks */ = {
			isa = PBXFrameworksBuildPhase;
			buildActionMask = 2147483647;
			files = (
			);
			runOnlyForDeploymentPostprocessing = 0;
		};
/* End PBXFrameworksBuildPhase section */

/* Begin PBXGroup section */
		455DCBEB1C0744F2003D6355 = {
			isa = PBXGroup;
			children = (
				45C38ED21C0749A60041CFE5 /* Info.plist */,
				45C38ED11C0749A60041CFE5 /* AppDelegate.swift */,
				45C38ED31C0749A60041CFE5 /* ExampleTableViewController.swift */,
				455DCBF51C0744F2003D6355 /* Products */,
			);
			sourceTree = "<group>";
		};
		455DCBF51C0744F2003D6355 /* Products */ = {
			isa = PBXGroup;
			children = (
				455DCBF41C0744F2003D6355 /* AutosizingTableExample.app */,
			);
			name = Products;
			sourceTree = "<group>";
		};
/* End PBXGroup section */

/* Begin PBXNativeTarget section */
		455DCBF31C0744F2003D6355 /* AutosizingTableExample */ = {
			isa = PBXNativeTarget;
			buildConfigurationList = 455DCC061C0744F3003D6355 /* Build configuration list for PBXNativeTarget "AutosizingTableExample" */;
			buildPhases = (
				455DCBF01C0744F2003D6355 /* Sources */,
				455DCBF11C0744F2003D6355 /* Frameworks */,
				455DCBF21C0744F2003D6355 /* Resources */,
			);
			buildRules = (
			);
			dependencies = (
			);
			name = AutosizingTableExample;
			productName = AutosizingTableTest1;
			productReference = 455DCBF41C0744F2003D6355 /* AutosizingTableExample.app */;
			productType = "com.apple.product-type.application";
		};
/* End PBXNativeTarget section */

/* Begin PBXProject section */
		455DCBEC1C0744F2003D6355 /* Project object */ = {
			isa = PBXProject;
			attributes = {
				LastSwiftUpdateCheck = 0710;
				LastUpgradeCheck = 0710;
				ORGANIZATIONNAME = Eonil;
				TargetAttributes = {
					455DCBF31C0744F2003D6355 = {
						CreatedOnToolsVersion = 7.1.1;
					};
				};
			};
			buildConfigurationList = 455DCBEF1C0744F2003D6355 /* Build configuration list for PBXProject "AutosizingTableExample" */;
			compatibilityVersion = "Xcode 3.2";
			developmentRegion = English;
			hasScannedForEncodings = 0;
			knownRegions = (
				en,
				Base,
			);
			mainGroup = 455DCBEB1C0744F2003D6355;
			productRefGroup = 455DCBF51C0744F2003D6355 /* Products */;
			projectDirPath = "";
			projectRoot = "";
			targets = (
				455DCBF31C0744F2003D6355 /* AutosizingTableExample */,
			);
		};
/* End PBXProject section */

/* Begin PBXResourcesBuildPhase section */
		455DCBF21C0744F2003D6355 /* Resources */ = {
			isa = PBXResourcesBuildPhase;
			buildActionMask = 2147483647;
			files = (
				45C38ED51C0749A60041CFE5 /* Info.plist in Resources */,
			);
			runOnlyForDeploymentPostprocessing = 0;
		};
/* End PBXResourcesBuildPhase section */

/* Begin PBXSourcesBuildPhase section */
		455DCBF01C0744F2003D6355 /* Sources */ = {
			isa = PBXSourcesBuildPhase;
			buildActionMask = 2147483647;
			files = (
				45C38ED41C0749A60041CFE5 /* AppDelegate.swift in Sources */,
				45C38ED61C0749A60041CFE5 /* ExampleTableViewController.swift in Sources */,
			);
			runOnlyForDeploymentPostprocessing = 0;
		};
/* End PBXSourcesBuildPhase section */

/* Begin XCBuildConfiguration section */
		455DCC041C0744F3003D6355 /* Debug */ = {
			isa = XCBuildConfiguration;
			buildSettings = {
				ALWAYS_SEARCH_USER_PATHS = NO;
				CLANG_CXX_LANGUAGE_STANDARD = "gnu++0x";
				CLANG_CXX_LIBRARY = "libc++";
				CLANG_ENABLE_MODULES = YES;
				CLANG_ENABLE_OBJC_ARC = YES;
				CLANG_WARN_BOOL_CONVERSION = YES;
				CLANG_WARN_CONSTANT_CONVERSION = YES;
				CLANG_WARN_DIRECT_OBJC_ISA_USAGE = YES_ERROR;
				CLANG_WARN_EMPTY_BODY = YES;
				CLANG_WARN_ENUM_CONVERSION = YES;
				CLANG_WARN_INT_CONVERSION = YES;
				CLANG_WARN_OBJC_ROOT_CLASS = YES_ERROR;
				CLANG_WARN_UNREACHABLE_CODE = YES;
				CLANG_WARN__DUPLICATE_METHOD_MATCH = YES;
				"CODE_SIGN_IDENTITY[sdk=iphoneos*]" = "iPhone Developer";
				COPY_PHASE_STRIP = NO;
				DEBUG_INFORMATION_FORMAT = dwarf;
				ENABLE_STRICT_OBJC_MSGSEND = YES;
				ENABLE_TESTABILITY = YES;
				GCC_C_LANGUAGE_STANDARD = gnu99;
				GCC_DYNAMIC_NO_PIC = NO;
				GCC_NO_COMMON_BLOCKS = YES;
				GCC_OPTIMIZATION_LEVEL = 0;
				GCC_PREPROCESSOR_DEFINITIONS = (
					"DEBUG=1",
					"$(inherited)",
				);
				GCC_WARN_64_TO_32_BIT_CONVERSION = YES;
				GCC_WARN_ABOUT_RETURN_TYPE = YES_ERROR;
				GCC_WARN_UNDECLARED_SELECTOR = YES;
				GCC_WARN_UNINITIALIZED_AUTOS = YES_AGGRESSIVE;
				GCC_WARN_UNUSED_FUNCTION = YES;
				GCC_WARN_UNUSED_VARIABLE = YES;
				IPHONEOS_DEPLOYMENT_TARGET = 9.1;
				MTL_ENABLE_DEBUG_INFO = YES;
				ONLY_ACTIVE_ARCH = YES;
				SDKROOT = iphoneos;
				SWIFT_OPTIMIZATION_LEVEL = "-Onone";
				TARGETED_DEVICE_FAMILY = "1,2";
			};
			name = Debug;
		};
		455DCC051C0744F3003D6355 /* Release */ = {
			isa = XCBuildConfiguration;
			buildSettings = {
				ALWAYS_SEARCH_USER_PATHS = NO;
				CLANG_CXX_LANGUAGE_STANDARD = "gnu++0x";
				CLANG_CXX_LIBRARY = "libc++";
				CLANG_ENABLE_MODULES = YES;
				CLANG_ENABLE_OBJC_ARC = YES;
				CLANG_WARN_BOOL_CONVERSION = YES;
				CLANG_WARN_CONSTANT_CONVERSION = YES;
				CLANG_WARN_DIRECT_OBJC_ISA_USAGE = YES_ERROR;
				CLANG_WARN_EMPTY_BODY = YES;
				CLANG_WARN_ENUM_CONVERSION = YES;
				CLANG_WARN_INT_CONVERSION = YES;
				CLANG_WARN_OBJC_ROOT_CLASS = YES_ERROR;
				CLANG_WARN_UNREACHABLE_CODE = YES;
				CLANG_WARN__DUPLICATE_METHOD_MATCH = YES;
				"CODE_SIGN_IDENTITY[sdk=iphoneos*]" = "iPhone Developer";
				COPY_PHASE_STRIP = NO;
				DEBUG_INFORMATION_FORMAT = "dwarf-with-dsym";
				ENABLE_NS_ASSERTIONS = NO;
				ENABLE_STRICT_OBJC_MSGSEND = YES;
				GCC_C_LANGUAGE_STANDARD = gnu99;
				GCC_NO_COMMON_BLOCKS = YES;
				GCC_WARN_64_TO_32_BIT_CONVERSION = YES;
				GCC_WARN_ABOUT_RETURN_TYPE = YES_ERROR;
				GCC_WARN_UNDECLARED_SELECTOR = YES;
				GCC_WARN_UNINITIALIZED_AUTOS = YES_AGGRESSIVE;
				GCC_WARN_UNUSED_FUNCTION = YES;
				GCC_WARN_UNUSED_VARIABLE = YES;
				IPHONEOS_DEPLOYMENT_TARGET = 9.1;
				MTL_ENABLE_DEBUG_INFO = NO;
				SDKROOT = iphoneos;
				TARGETED_DEVICE_FAMILY = "1,2";
				VALIDATE_PRODUCT = YES;
			};
			name = Release;
		};
		455DCC071C0744F3003D6355 /* Debug */ = {
			isa = XCBuildConfiguration;
			buildSettings = {
				ASSETCATALOG_COMPILER_APPICON_NAME = AppIcon;
				INFOPLIST_FILE = Info.plist;
				IPHONEOS_DEPLOYMENT_TARGET = 9.0;
				LD_RUNPATH_SEARCH_PATHS = "$(inherited) @executable_path/Frameworks";
				PRODUCT_BUNDLE_IDENTIFIER = Eonil.AutosizingTableTest1;
				PRODUCT_NAME = AutosizingTableExample;
			};
			name = Debug;
		};
		455DCC081C0744F3003D6355 /* Release */ = {
			isa = XCBuildConfiguration;
			buildSettings = {
				ASSETCATALOG_COMPILER_APPICON_NAME = AppIcon;
				INFOPLIST_FILE = Info.plist;
				IPHONEOS_DEPLOYMENT_TARGET = 9.0;
				LD_RUNPATH_SEARCH_PATHS = "$(inherited) @executable_path/Frameworks";
				PRODUCT_BUNDLE_IDENTIFIER = Eonil.AutosizingTableTest1;
				PRODUCT_NAME = AutosizingTableExample;
			};
			name = Release;
		};
/* End XCBuildConfiguration section */

/* Begin XCConfigurationList section */
		455DCBEF1C0744F2003D6355 /* Build configuration list for PBXProject "AutosizingTableExample" */ = {
			isa = XCConfigurationList;
			buildConfigurations = (
				455DCC041C0744F3003D6355 /* Debug */,
				455DCC051C0744F3003D6355 /* Release */,
			);
			defaultConfigurationIsVisible = 0;
			defaultConfigurationName = Release;
		};
		455DCC061C0744F3003D6355 /* Build configuration list for PBXNativeTarget "AutosizingTableExample" */ = {
			isa = XCConfigurationList;
			buildConfigurations = (
				455DCC071C0744F3003D6355 /* Debug */,
				455DCC081C0744F3003D6355 /* Release */,
			);
			defaultConfigurationIsVisible = 0;
			defaultConfigurationName = Release;
		};
/* End XCConfigurationList section */
	};
	rootObject = 455DCBEC1C0744F2003D6355 /* Project object */;
}
