// !$*UTF8*$!
{
	archiveVersion = 1;
	classes = {
	};
	objectVersion = 46;
	objects = {

/* Begin PBXBuildFile section */
		452479A6194BE51A00E47690 /* PREVIEW-EXAMPLE-TEXT-FILE.txt in Resources */ = {isa = PBXBuildFile; fileRef = 452479A5194BE51A00E47690 /* PREVIEW-EXAMPLE-TEXT-FILE.txt */; };
		452479A8194BE90000E47690 /* lena.png in Resources */ = {isa = PBXBuildFile; fileRef = 452479A7194BE90000E47690 /* lena.png */; };
		453DD3A0194B291200302575 /* main.m in Sources */ = {isa = PBXBuildFile; fileRef = 453DD39F194B291200302575 /* main.m */; };
/* End PBXBuildFile section */

/* Begin PBXFileReference section */
		452479A5194BE51A00E47690 /* PREVIEW-EXAMPLE-TEXT-FILE.txt */ = {isa = PBXFileReference; fileEncoding = 4; lastKnownFileType = text; path = "PREVIEW-EXAMPLE-TEXT-FILE.txt"; sourceTree = "<group>"; };
		452479A7194BE90000E47690 /* lena.png */ = {isa = PBXFileReference; lastKnownFileType = image.png; path = lena.png; sourceTree = "<group>"; };
		453DD318194B230B00302575 /* Quicklook.app */ = {isa = PBXFileReference; explicitFileType = wrapper.application; includeInIndex = 0; path = Quicklook.app; sourceTree = BUILT_PRODUCTS_DIR; };
		453DD31E194B230B00302575 /* AppKit.framework */ = {isa = PBXFileReference; lastKnownFileType = wrapper.framework; name = AppKit.framework; path = System/Library/Frameworks/AppKit.framework; sourceTree = SDKROOT; };
		453DD39F194B291200302575 /* main.m */ = {isa = PBXFileReference; fileEncoding = 4; lastKnownFileType = sourcecode.c.objc; path = main.m; sourceTree = "<group>"; };
/* End PBXFileReference section */

/* Begin PBXFrameworksBuildPhase section */
		453DD315194B230B00302575 /* Frameworks */ = {
			isa = PBXFrameworksBuildPhase;
			buildActionMask = 2147483647;
			files = (
			);
			runOnlyForDeploymentPostprocessing = 0;
		};
/* End PBXFrameworksBuildPhase section */

/* Begin PBXGroup section */
		453DD30F194B230B00302575 = {
			isa = PBXGroup;
			children = (
				453DD39F194B291200302575 /* main.m */,
				452479A5194BE51A00E47690 /* PREVIEW-EXAMPLE-TEXT-FILE.txt */,
				452479A7194BE90000E47690 /* lena.png */,
				453DD31E194B230B00302575 /* AppKit.framework */,
				453DD319194B230B00302575 /* Products */,
			);
			sourceTree = "<group>";
		};
		453DD319194B230B00302575 /* Products */ = {
			isa = PBXGroup;
			children = (
				453DD318194B230B00302575 /* Quicklook.app */,
			);
			name = Products;
			sourceTree = "<group>";
		};
/* End PBXGroup section */

/* Begin PBXNativeTarget section */
		453DD317194B230B00302575 /* Quicklook */ = {
			isa = PBXNativeTarget;
			buildConfigurationList = 453DD349194B230B00302575 /* Build configuration list for PBXNativeTarget "Quicklook" */;
			buildPhases = (
				453DD314194B230B00302575 /* Sources */,
				453DD315194B230B00302575 /* Frameworks */,
				453DD316194B230B00302575 /* Resources */,
			);
			buildRules = (
			);
			dependencies = (
			);
			name = Quicklook;
			productName = NoNIBCodeOnlyGUIAppBootstrapping;
			productReference = 453DD318194B230B00302575 /* Quicklook.app */;
			productType = "com.apple.product-type.application";
		};
/* End PBXNativeTarget section */

/* Begin PBXProject section */
		453DD310194B230B00302575 /* Project object */ = {
			isa = PBXProject;
			attributes = {
				LastUpgradeCheck = 0710;
				ORGANIZATIONNAME = Eonil;
			};
			buildConfigurationList = 453DD313194B230B00302575 /* Build configuration list for PBXProject "Quicklook" */;
			compatibilityVersion = "Xcode 3.2";
			developmentRegion = English;
			hasScannedForEncodings = 0;
			knownRegions = (
				en,
				Base,
			);
			mainGroup = 453DD30F194B230B00302575;
			productRefGroup = 453DD319194B230B00302575 /* Products */;
			projectDirPath = "";
			projectRoot = "";
			targets = (
				453DD317194B230B00302575 /* Quicklook */,
			);
		};
/* End PBXProject section */

/* Begin PBXResourcesBuildPhase section */
		453DD316194B230B00302575 /* Resources */ = {
			isa = PBXResourcesBuildPhase;
			buildActionMask = 2147483647;
			files = (
				452479A6194BE51A00E47690 /* PREVIEW-EXAMPLE-TEXT-FILE.txt in Resources */,
				452479A8194BE90000E47690 /* lena.png in Resources */,
			);
			runOnlyForDeploymentPostprocessing = 0;
		};
/* End PBXResourcesBuildPhase section */

/* Begin PBXSourcesBuildPhase section */
		453DD314194B230B00302575 /* Sources */ = {
			isa = PBXSourcesBuildPhase;
			buildActionMask = 2147483647;
			files = (
				453DD3A0194B291200302575 /* main.m in Sources */,
			);
			runOnlyForDeploymentPostprocessing = 0;
		};
/* End PBXSourcesBuildPhase section */

/* Begin XCBuildConfiguration section */
		453DD347194B230B00302575 /* Debug */ = {
			isa = XCBuildConfiguration;
			buildSettings = {
				ALWAYS_SEARCH_USER_PATHS = NO;
				CLANG_CXX_LANGUAGE_STANDARD = "c++0x";
				CLANG_CXX_LIBRARY = "libc++";
				CLANG_ENABLE_MODULES = YES;
				CLANG_ENABLE_OBJC_ARC = YES;
				CLANG_WARN_BOOL_CONVERSION = YES;
				CLANG_WARN_CONSTANT_CONVERSION = YES;
				CLANG_WARN_DIRECT_OBJC_ISA_USAGE = YES_ERROR;
				CLANG_WARN_EMPTY_BODY = YES;
				CLANG_WARN_ENUM_CONVERSION = YES;
				CLANG_WARN_INT_CONVERSION = YES;
				CLANG_WARN_OBJC_ROOT_CLASS = YES_ERROR;
				CLANG_WARN__DUPLICATE_METHOD_MATCH = YES;
				COPY_PHASE_STRIP = NO;
				ENABLE_TESTABILITY = YES;
				GCC_C_LANGUAGE_STANDARD = c11;
				GCC_DYNAMIC_NO_PIC = NO;
				GCC_ENABLE_OBJC_EXCEPTIONS = YES;
				GCC_OPTIMIZATION_LEVEL = 0;
				GCC_PREPROCESSOR_DEFINITIONS = (
					"DEBUG=1",
					"$(inherited)",
				);
				GCC_SYMBOLS_PRIVATE_EXTERN = NO;
				GCC_WARN_64_TO_32_BIT_CONVERSION = YES;
				GCC_WARN_ABOUT_RETURN_TYPE = YES_ERROR;
				GCC_WARN_UNDECLARED_SELECTOR = YES;
				GCC_WARN_UNINITIALIZED_AUTOS = YES_AGGRESSIVE;
				GCC_WARN_UNUSED_FUNCTION = YES;
				GCC_WARN_UNUSED_VARIABLE = YES;
				MACOSX_DEPLOYMENT_TARGET = 10.8;
				ONLY_ACTIVE_ARCH = YES;
				SDKROOT = macosx;
			};
			name = Debug;
		};
		453DD348194B230B00302575 /* Release */ = {
			isa = XCBuildConfiguration;
			buildSettings = {
				ALWAYS_SEARCH_USER_PATHS = NO;
				CLANG_CXX_LANGUAGE_STANDARD = "c++0x";
				CLANG_CXX_LIBRARY = "libc++";
				CLANG_ENABLE_MODULES = YES;
				CLANG_ENABLE_OBJC_ARC = YES;
				CLANG_WARN_BOOL_CONVERSION = YES;
				CLANG_WARN_CONSTANT_CONVERSION = YES;
				CLANG_WARN_DIRECT_OBJC_ISA_USAGE = YES_ERROR;
				CLANG_WARN_EMPTY_BODY = YES;
				CLANG_WARN_ENUM_CONVERSION = YES;
				CLANG_WARN_INT_CONVERSION = YES;
				CLANG_WARN_OBJC_ROOT_CLASS = YES_ERROR;
				CLANG_WARN__DUPLICATE_METHOD_MATCH = YES;
				COPY_PHASE_STRIP = YES;
				DEBUG_INFORMATION_FORMAT = "dwarf-with-dsym";
				ENABLE_NS_ASSERTIONS = NO;
				GCC_C_LANGUAGE_STANDARD = c11;
				GCC_ENABLE_OBJC_EXCEPTIONS = YES;
				GCC_WARN_64_TO_32_BIT_CONVERSION = YES;
				GCC_WARN_ABOUT_RETURN_TYPE = YES_ERROR;
				GCC_WARN_UNDECLARED_SELECTOR = YES;
				GCC_WARN_UNINITIALIZED_AUTOS = YES_AGGRESSIVE;
				GCC_WARN_UNUSED_FUNCTION = YES;
				GCC_WARN_UNUSED_VARIABLE = YES;
				MACOSX_DEPLOYMENT_TARGET = 10.8;
				SDKROOT = macosx;
			};
			name = Release;
		};
		453DD34A194B230B00302575 /* Debug */ = {
			isa = XCBuildConfiguration;
			buildSettings = {
				COMBINE_HIDPI_IMAGES = YES;
				PRODUCT_NAME = Quicklook;
				WRAPPER_EXTENSION = app;
			};
			name = Debug;
		};
		453DD34B194B230B00302575 /* Release */ = {
			isa = XCBuildConfiguration;
			buildSettings = {
				COMBINE_HIDPI_IMAGES = YES;
				PRODUCT_NAME = Quicklook;
				WRAPPER_EXTENSION = app;
			};
			name = Release;
		};
/* End XCBuildConfiguration section */

/* Begin XCConfigurationList section */
		453DD313194B230B00302575 /* Build configuration list for PBXProject "Quicklook" */ = {
			isa = XCConfigurationList;
			buildConfigurations = (
				453DD347194B230B00302575 /* Debug */,
				453DD348194B230B00302575 /* Release */,
			);
			defaultConfigurationIsVisible = 0;
			defaultConfigurationName = Release;
		};
		453DD349194B230B00302575 /* Build configuration list for PBXNativeTarget "Quicklook" */ = {
			isa = XCConfigurationList;
			buildConfigurations = (
				453DD34A194B230B00302575 /* Debug */,
				453DD34B194B230B00302575 /* Release */,
			);
			defaultConfigurationIsVisible = 0;
			defaultConfigurationName = Release;
		};
/* End XCConfigurationList section */
	};
	rootObject = 453DD310194B230B00302575 /* Project object */;
}
